# THIS IS AN AUTOGENERATED FILE. DO NOT EDIT THIS FILE DIRECTLY.
assets/ajax-loader.gif:
  development: 2018-02-19T07:39:00-08:00   deca8b0ecd6974227d157b6d7068995d
assets/gift-card.js:
  development: 2018-02-19T07:39:00-08:00   c73df2ee57cc9eb577f7a1858063495d
assets/ico-select.svg.liquid:
  development: 2018-02-19T07:39:00-08:00   087b0a8654b4e8b2c203cfa17204b849
assets/lazysizes.min.js:
  development: 2018-02-19T07:39:00-08:00   f05bbc6e1c8ffb06055dc81d0cb5f2ee
assets/theme.js:
  development: 2018-03-02T00:24:28-08:00   d3a9f4d1a281fc724adbef2d20b784fb
assets/theme.scss.liquid:
  development: 2018-03-02T00:24:28-08:00   59867af1952357d6ff29e8fcf87dfafc
assets/vendor.js:
  development: 2018-02-19T07:39:00-08:00   06b4f8919f55c188d4cd230c1d62a849
config/settings_data.json:
  development: 2018-02-19T07:39:04-08:00   3df2997a88372cbf18a00333bcb592ed
config/settings_schema.json:
  development: 2018-03-02T00:24:28-08:00   59379a9ae6547297a0251369c530477f
layout/password.liquid:
  development: 2018-02-19T07:39:00-08:00   ddf2311ce4e70fd76900089ad56c2da9
layout/theme.liquid:
  development: 2018-02-19T07:39:00-08:00   08b1bd9fcbeb8f304cb926dd02fc6f2c
locales/de.json:
  development: 2018-02-19T07:39:00-08:00   a9cb33cc4c1d4027510b76479cb50ba9
locales/en.default.json:
  development: 2018-02-19T07:39:00-08:00   aa53e88e0263c5d808243eb78ea5c15c
locales/es.json:
  development: 2018-02-19T07:39:01-08:00   d43e1dadef9ab713a00d7e1327b26b30
locales/fr.json:
  development: 2018-02-19T07:39:01-08:00   837e08681a122bf9477c9379ae35576a
locales/it.json:
  development: 2018-02-19T07:39:01-08:00   833a9cda9869de606402cd6b1742a4ef
locales/ja.json:
  development: 2018-02-19T07:39:01-08:00   5a3333735dd2938dfaf2fea325b8a6dc
locales/pt-BR.json:
  development: 2018-02-19T07:39:01-08:00   58606cdc35d3bac8f4eb7aeae322f744
locales/pt-PT.json:
  development: 2018-02-19T07:39:01-08:00   57141936a4f2ee052ac44650e90ce4d8
sections/advanced-content.liquid:
  development: 2018-02-19T07:38:58-08:00   f6d72ffacd166e808ebebad43d0f9d16
sections/article-content.liquid:
  development: 2018-02-19T07:38:59-08:00   5bbd7d5b05162be2cb76973e2649a7a8
sections/brand-list.liquid:
  development: 2018-02-19T07:38:59-08:00   4518b726c27e1a0f1da692d4dc7c8fe2
sections/cart-template.liquid:
  development: 2018-02-19T07:38:59-08:00   565b3bae2bb543ad15b8a0159c855268
sections/collection-filters.liquid:
  development: 2018-02-19T07:38:59-08:00   e78207380912cd6931f18b91da4bf201
sections/columns.liquid:
  development: 2018-02-19T07:38:59-08:00   8f0f9b2adc8def8de1a4aa239af44d4b
sections/featured-articles.liquid:
  development: 2018-02-19T07:38:59-08:00   4315228e22645b5d5284f5ee22adb6c8
sections/featured-collections.liquid:
  development: 2018-02-19T07:38:59-08:00   80b7ab39d25fd2b60afc2577f079d5d8
sections/featured-content.liquid:
  development: 2018-02-19T07:38:59-08:00   798ea3cee7b62f73c50c19fa7d1a794d
sections/featured-product.liquid:
  development: 2018-02-19T07:38:59-08:00   5d633b63dc6c716ede321af49523a2c1
sections/featured-products-subsection.liquid:
  development: 2018-02-19T07:38:59-08:00   7f5a3fbf812d95d2cf649c51c36ad7f4
sections/featured-products.liquid:
  development: 2018-02-19T07:38:59-08:00   b92c7ea0b3f78b211469dd5d001fa1a2
sections/footer.liquid:
  development: 2018-02-19T07:38:59-08:00   7e46d992e4106d7033c422b90ce4bb91
sections/gallery.liquid:
  development: 2018-02-19T07:38:59-08:00   d046c94032b4a0923dfe0c0fc8d62e16
sections/header.liquid:
  development: 2018-03-02T00:24:28-08:00   432b33f09dfa3105bad89bd3e09c9616
sections/image-content.liquid:
  development: 2018-02-19T07:38:59-08:00   2681cdab24da7c45db296754f9db190a
sections/link-block.liquid:
  development: 2018-02-19T07:38:59-08:00   68cf49dbb1086fbf1863a11127abd4b5
sections/list-collections-template.liquid:
  development: 2018-02-19T07:38:59-08:00   51b7c79c9155352ac226ba1e28a84997
sections/map.liquid:
  development: 2018-02-19T07:38:59-08:00   c09adf1fcd770347e382144818b6256a
sections/newsletter.liquid:
  development: 2018-02-19T07:38:59-08:00   0aff4c7cf4e0faff2ce36829a37243be
sections/password-content.liquid:
  development: 2018-02-19T07:38:59-08:00   0a15b0e9851f0e0260438a9cce3cc97b
sections/password-footer.liquid:
  development: 2018-02-19T07:38:59-08:00   47eec2c7b70086dd509ff188e70c00e3
sections/password-header.liquid:
  development: 2018-02-19T07:38:59-08:00   f0d01f9592a3dadc07c9bd3d0126a9f1
sections/product-template.liquid:
  development: 2018-02-19T07:38:59-08:00   8578a1bdd274430a54efac1f6c29e3a3
sections/quotes.liquid:
  development: 2018-02-19T07:38:59-08:00   06675b8607dfebed53e905f63231ebe7
sections/rich-text.liquid:
  development: 2018-02-19T07:39:00-08:00   356cd2d71b54734319fdcd3d25516356
sections/search.liquid:
  development: 2018-02-19T07:39:00-08:00   0f46aa5727faf9ebc73f48b0992f6ca4
sections/slideshow.liquid:
  development: 2018-02-19T07:39:00-08:00   f14c311ff65a9a6543cffc01450107a5
sections/video.liquid:
  development: 2018-02-19T07:39:00-08:00   d56de0e6706b7e24e339809b317b2e02
snippets/bgset.liquid:
  development: 2018-02-19T07:39:01-08:00   33148dfd129ac7339b20fa9792a6bf85
snippets/collection-grid-item.liquid:
  development: 2018-02-19T07:39:01-08:00   d41db57c382d06b36b39b9f6d14748ac
snippets/collection-list-item.liquid:
  development: 2018-02-19T07:39:01-08:00   fc2458fe5e90d5c1d22ba3ebdad911d2
snippets/comment.liquid:
  development: 2018-02-19T07:39:01-08:00   6b47f2a5d6a07494ad7de1ce9997c9d9
snippets/drawer-nav.liquid:
  development: 2018-02-19T07:39:01-08:00   33c2fefe336a459c249215c2e6637023
snippets/google-fonts.liquid:
  development: 2018-02-19T07:39:01-08:00   0ad0c678c3fa87cfeb0a10561058beb2
snippets/icon-amazon_payments.liquid:
  development: 2018-02-19T07:39:01-08:00   f1ad8ba26dd5b98117703ede5357e408
snippets/icon-american_express.liquid:
  development: 2018-02-19T07:39:01-08:00   ffa58442d17d73d2bef88399019993f3
snippets/icon-apple_pay.liquid:
  development: 2018-02-19T07:39:01-08:00   e82e7acc46479ea2173926f8fad55db0
snippets/icon-arrow-down.liquid:
  development: 2018-02-19T07:39:01-08:00   f8fd3b896d90388f5aae1c93e2a77da2
snippets/icon-arrow-left.liquid:
  development: 2018-02-19T07:39:01-08:00   12c9b68124cea15ee7cc558709ac77d3
snippets/icon-arrow-right.liquid:
  development: 2018-02-19T07:39:01-08:00   177e0020103e51e3acaed4a594b50c73
snippets/icon-arrow-thin-left.liquid:
  development: 2018-02-19T07:39:01-08:00   830b0d9386051e86d9ffd8c40ffbf770
snippets/icon-arrow-up.liquid:
  development: 2018-02-19T07:39:01-08:00   0e1e498f1d507716eaf8e877bd4efeeb
snippets/icon-bag.liquid:
  development: 2018-02-19T07:39:01-08:00   dd18ce7e32cb074f12d064104d9369d5
snippets/icon-bitcoin.liquid:
  development: 2018-02-19T07:39:01-08:00   e9a7e7de915fc7df29a835dfe2de385d
snippets/icon-cart.liquid:
  development: 2018-02-19T07:39:01-08:00   f95451ec8a45aa2c1da6d4cb6b0c855e
snippets/icon-cirrus.liquid:
  development: 2018-02-19T07:39:01-08:00   2e2e16ec6f0603de157992dc61a50657
snippets/icon-close.liquid:
  development: 2018-02-19T07:39:01-08:00   96d324f98248ed2430c30836e89c79b8
snippets/icon-dankort.liquid:
  development: 2018-02-19T07:39:01-08:00   3e3795e8c72afb70ff83fe0699814925
snippets/icon-diners_club.liquid:
  development: 2018-02-19T07:39:02-08:00   fa88936febf9c082201530c0c69cd699
snippets/icon-discover.liquid:
  development: 2018-02-19T07:39:02-08:00   2af236ff5c056aaada8d735cf50db46c
snippets/icon-dogecoin.liquid:
  development: 2018-02-19T07:39:02-08:00   6a35f5db9eb93d1ed563c6989ff30798
snippets/icon-dwolla.liquid:
  development: 2018-02-19T07:39:02-08:00   aeb86f67aad84adaf7635d2043cb89a9
snippets/icon-facebook.liquid:
  development: 2018-02-19T07:39:02-08:00   1f4ee2d25e4ae01fbd0591cf92b1bdb6
snippets/icon-forbrugsforeningen.liquid:
  development: 2018-02-19T07:39:02-08:00   ff962a94f23046340766c215b0f14a52
snippets/icon-hamburger.liquid:
  development: 2018-02-19T07:39:02-08:00   c429f6a0db27bb76a5bfd0d1c422ab53
snippets/icon-instagram.liquid:
  development: 2018-02-19T07:39:02-08:00   bf50214819f6e2a5f053593e2414526d
snippets/icon-interac.liquid:
  development: 2018-02-19T07:39:02-08:00   d1ec7589f8f9befedd935603e2380489
snippets/icon-jcb.liquid:
  development: 2018-02-19T07:39:02-08:00   4bc8d7390f04bd32042e2cd80e44bb5a
snippets/icon-klarna.liquid:
  development: 2018-02-19T07:39:02-08:00   9faa80c27e5612a01f9f0f9fc3ad3d6f
snippets/icon-litecoin.liquid:
  development: 2018-02-19T07:39:02-08:00   051dfcb36fa17b532a087b12f0a49e0e
snippets/icon-lock.liquid:
  development: 2018-02-19T07:39:02-08:00   60ae7ba03d14efa582faed8855821a58
snippets/icon-maestro.liquid:
  development: 2018-02-19T07:39:02-08:00   b987e558ecad607661489939ec8ca524
snippets/icon-master.liquid:
  development: 2018-02-19T07:39:02-08:00   7be93970b63c2fd0e2b319a35c00a9d7
snippets/icon-minus.liquid:
  development: 2018-02-19T07:39:02-08:00   d67c918f4271ac3e2b3689a1c66cd324
snippets/icon-pause.liquid:
  development: 2018-02-19T07:39:02-08:00   99e785a63af3ab0a7ccd9c5551ea8910
snippets/icon-paypal.liquid:
  development: 2018-02-19T07:39:02-08:00   576f8465d6e1a5c003bc42deb4b2c09a
snippets/icon-pin.liquid:
  development: 2018-02-19T07:39:02-08:00   694162388571d6142ec30bc299d8ac91
snippets/icon-pinterest.liquid:
  development: 2018-02-19T07:39:02-08:00   d0f6a3f3842d8782a7beec9e7422a4d4
snippets/icon-play.liquid:
  development: 2018-02-19T07:39:02-08:00   31ff2901a9fd0f32ebc4c05748e7aa5d
snippets/icon-plus.liquid:
  development: 2018-02-19T07:39:02-08:00   59271dc8b74871a9af77d3ac0ac839da
snippets/icon-quote.liquid:
  development: 2018-02-19T07:39:02-08:00   e710949f7a142dfc3c4fac15c33bb2fa
snippets/icon-rss.liquid:
  development: 2018-02-19T07:39:02-08:00   e44945385279f30693ad10bf7647770a
snippets/icon-search.liquid:
  development: 2018-02-19T07:39:02-08:00   365615febc89c876686a0b15e515fb62
snippets/icon-shopify-logo.liquid:
  development: 2018-02-19T07:39:02-08:00   3f0b70f9e01be5b25507d25a732ecde7
snippets/icon-shopify_pay.liquid:
  development: 2018-02-19T07:39:02-08:00   0af2d9a3a7f1b14dfc11f8e4b9746c2d
snippets/icon-snapchat.liquid:
  development: 2018-02-19T07:39:02-08:00   9ed6937e3232c9034976be2b8ed9f673
snippets/icon-stripe.liquid:
  development: 2018-02-19T07:39:02-08:00   e79ac5f1ff57e03a49c805105ffc5756
snippets/icon-tumblr.liquid:
  development: 2018-02-19T07:39:02-08:00   95b170823ba66888266df40855dcf6ca
snippets/icon-twitter.liquid:
  development: 2018-02-19T07:39:02-08:00   15da0c480346e2782bd2288113e76e00
snippets/icon-vimeo.liquid:
  development: 2018-02-19T07:39:03-08:00   d05774570a73a039e16e6be0411449ab
snippets/icon-visa.liquid:
  development: 2018-02-19T07:39:03-08:00   9f864f065156d1820e794adbd3f1ffd0
snippets/icon-youtube.liquid:
  development: 2018-02-19T07:39:03-08:00   7b566c0e9843640150d456430a74ff74
snippets/no-blocks.liquid:
  development: 2018-02-19T07:39:03-08:00   0cb7d758b6df0feb07ae5804b4b627fa
snippets/product-card.liquid:
  development: 2018-02-19T07:39:03-08:00   83042f89377ecd9e55f0f3ae532a1bc6
snippets/site-nav.liquid:
  development: 2018-03-02T00:24:28-08:00   4f49ebe9f286bc8018f7b3ef461921ae
snippets/social-meta-tags.liquid:
  development: 2018-02-19T07:39:03-08:00   ae9e213401623b2601abf0ace8e21537
snippets/social-sharing.liquid:
  development: 2018-02-19T07:39:03-08:00   faefcb8d384a0333413f164a44f8ff87
templates/404.liquid:
  development: 2018-02-19T07:39:03-08:00   c5a602ed831884857d6ba432990c1c65
templates/article.liquid:
  development: 2018-02-19T07:39:03-08:00   891031ed819f5123c2d25d4fb9b2cabb
templates/blog.liquid:
  development: 2018-02-19T07:39:03-08:00   f8b950927883483c443f392bc47fa052
templates/cart.liquid:
  development: 2018-02-19T07:39:03-08:00   bba3c715f8c51f0520b3bd1a49ca90dc
templates/collection.liquid:
  development: 2018-02-19T07:39:03-08:00   f6ee1dee849f3e7be704c9349c3464d7
templates/customers/account.liquid:
  development: 2018-02-19T07:39:03-08:00   460919f09e3e2676f66cda1cadf90924
templates/customers/activate_account.liquid:
  development: 2018-02-19T07:39:03-08:00   f36eddc94f148aee6a9b1d6387ff4b95
templates/customers/addresses.liquid:
  development: 2018-02-19T07:39:03-08:00   4aaaa23d0e2b63775b5647a57985e6ae
templates/customers/login.liquid:
  development: 2018-02-19T07:39:03-08:00   8d86911b000ae9467d803bac917d0cd8
templates/customers/order.liquid:
  development: 2018-02-19T07:39:03-08:00   24dee42aeabd5551803c278fc426770d
templates/customers/register.liquid:
  development: 2018-02-19T07:39:03-08:00   bfb55d672848fd97d6c72b8ed9abcfb3
templates/customers/reset_password.liquid:
  development: 2018-02-19T07:39:03-08:00   73f390cd1d27f0e95d5674c2fcba2e0d
templates/gift_card.liquid:
  development: 2018-02-19T07:39:03-08:00   538ac344d5e387188ef53838e65d7595
templates/index.liquid:
  development: 2018-02-19T07:39:03-08:00   b2a0a05382c135215e50a0042c0f7cb7
templates/list-collections.liquid:
  development: 2018-02-19T07:39:03-08:00   d42f6d6957169811896f646709d353d9
templates/page.contact.liquid:
  development: 2018-02-19T07:39:03-08:00   bc3a82270aae7ee5346e3df9c0047bf1
templates/page.liquid:
  development: 2018-02-19T07:39:03-08:00   d5bd4d5e9e86da6be06d093763c42473
templates/password.liquid:
  development: 2018-02-19T07:39:03-08:00   1e6018925cf530d009aa332c4553411e
templates/product.liquid:
  development: 2018-02-19T07:39:03-08:00   a07bea1b2ca45140cb2a22a8c3c77b84
templates/search.liquid:
  development: 2018-02-19T07:39:03-08:00   b1b2d329b8586246b627c8cec17f24ab
